
Microsoft Visual Studio Solution File, Format Version 12.00
# Visual Studio 15
VisualStudioVersion = 15.0.26430.4
MinimumVisualStudioVersion = 10.0.40219.1
Project("{FAE04EC0-301F-11D3-BF4B-00C04F79EFBC}") = "COMP123-S2017-Lesson8A", "COMP123-S2017-Lesson8A\COMP123-S2017-Lesson8A.csproj", "{02833F68-9700-445B-9639-4ECAA4C1DF9F}"
EndProject
Global
	GlobalSection(SolutionConfigurationPlatforms) = preSolution
		Debug|Any CPU = Debug|Any CPU
		Release|Any CPU = Release|Any CPU
	EndGlobalSection
	GlobalSection(ProjectConfigurationPlatforms) = postSolution
		{02833F68-9700-445B-9639-4ECAA4C1DF9F}.Debug|Any CPU.ActiveCfg = Debug|Any CPU
		{02833F68-9700-445B-9639-4ECAA4C1DF9F}.Debug|Any CPU.Build.0 = Debug|Any CPU
		{02833F68-9700-445B-9639-4ECAA4C1DF9F}.Release|Any CPU.ActiveCfg = Release|Any CPU
		{02833F68-9700-445B-9639-4ECAA4C1DF9F}.Release|Any CPU.Build.0 = Release|Any CPU
	EndGlobalSection
	GlobalSection(SolutionProperties) = preSolution
		HideSolutionNode = FALSE
	EndGlobalSection
EndGlobal
